
Microsoft Visual Studio Solution File, Format Version 12.00
Project("{FAE04EC0-301F-11D3-BF4B-00C04F79EFBC}") = "mocktest2", "mocktest2\mocktest2.csproj", "{36D5802D-ECDB-4D12-A5E1-1C1CF460CD18}"
EndProject
Global
	GlobalSection(SolutionConfigurationPlatforms) = preSolution
		Debug|Any CPU = Debug|Any CPU
		Release|Any CPU = Release|Any CPU
	EndGlobalSection
	GlobalSection(ProjectConfigurationPlatforms) = postSolution
		{36D5802D-ECDB-4D12-A5E1-1C1CF460CD18}.Debug|Any CPU.ActiveCfg = Debug|Any CPU
		{36D5802D-ECDB-4D12-A5E1-1C1CF460CD18}.Debug|Any CPU.Build.0 = Debug|Any CPU
		{36D5802D-ECDB-4D12-A5E1-1C1CF460CD18}.Release|Any CPU.ActiveCfg = Release|Any CPU
		{36D5802D-ECDB-4D12-A5E1-1C1CF460CD18}.Release|Any CPU.Build.0 = Release|Any CPU
	EndGlobalSection
EndGlobal
